
Microsoft Visual Studio Solution File, Format Version 12.00
# Visual Studio Version 17
VisualStudioVersion = 17.4.33205.214
MinimumVisualStudioVersion = 10.0.40219.1
Project("{FAE04EC0-301F-11D3-BF4B-00C04F79EFBC}") = "HomeWork (Social Network)", "HomeWork (Social Network)\HomeWork (Social Network).csproj", "{23161211-12DC-45C1-80C4-B8F15AB25CF6}"
EndProject
Global
	GlobalSection(SolutionConfigurationPlatforms) = preSolution
		Debug|Any CPU = Debug|Any CPU
		Release|Any CPU = Release|Any CPU
	EndGlobalSection
	GlobalSection(ProjectConfigurationPlatforms) = postSolution
		{23161211-12DC-45C1-80C4-B8F15AB25CF6}.Debug|Any CPU.ActiveCfg = Debug|Any CPU
		{23161211-12DC-45C1-80C4-B8F15AB25CF6}.Debug|Any CPU.Build.0 = Debug|Any CPU
		{23161211-12DC-45C1-80C4-B8F15AB25CF6}.Release|Any CPU.ActiveCfg = Release|Any CPU
		{23161211-12DC-45C1-80C4-B8F15AB25CF6}.Release|Any CPU.Build.0 = Release|Any CPU
	EndGlobalSection
	GlobalSection(SolutionProperties) = preSolution
		HideSolutionNode = FALSE
	EndGlobalSection
	GlobalSection(ExtensibilityGlobals) = postSolution
		SolutionGuid = {69ED1626-C173-46D9-A515-C9C70CEDD993}
	EndGlobalSection
EndGlobal
